github.com/iancoleman/strcase v0.1.2 h1:gnomlvw9tnV3ITTAxzKSgTF+8kFWcU/f+TgttpXGz1U=
github.com/iancoleman/strcase v0.1.2/go.mod h1:SK73tn/9oHe+/Y0h39VT4UCxmurVJkR5NA7kMEAOgSE=
github.com/tallstoat/pbparser v0.2.0 h1:lsFH4mdiOv1MIQVmge/idThSTd2uByNodWVfbtysjzg=
github.com/tallstoat/pbparser v0.2.0/go.mod h1:aUC6W9uQLeAXZkknve8ZDO6InhRYpYHlJ9kvsQh1i2k=
